{
  "version": 4,
  "terraform_version": "1.10.3",
  "serial": 47,
  "lineage": "e2e4493e-56f8-9a5d-5276-52544a3b6c1b",
  "outputs": {
    "PublicIP": {
      "value": "eastus2-dev-linux-vm1: ",
      "type": "string"
    }
  },
  "resources": [
    {
      "mode": "data",
      "type": "azurerm_public_ip",
      "name": "dev-pip1-data",
      "provider": "provider[\"registry.terraform.io/hashicorp/azurerm\"]",
      "instances": [
        {
          "schema_version": 0,
          "attributes": {
            "allocation_method": "Dynamic",
            "ddos_protection_mode": "VirtualNetworkInherited",
            "ddos_protection_plan_id": null,
            "domain_name_label": "",
            "fqdn": "",
            "id": "/subscriptions/30585f08-1dff-4cfe-8ecf-1182794c1044/resourceGroups/eastus2-dev-rg/providers/Microsoft.Network/publicIPAddresses/eastus2-dev-pip1",
            "idle_timeout_in_minutes": 4,
            "ip_address": "",
            "ip_tags": {},
            "ip_version": "IPv4",
            "location": "eastus",
            "name": "eastus2-dev-pip1",
            "resource_group_name": "eastus2-dev-rg",
            "reverse_fqdn": "",
            "sku": "Basic",
            "tags": {
              "environment": "dev"
            },
            "timeouts": null,
            "zones": []
          },
          "sensitive_attributes": []
        }
      ]
    },
    {
      "mode": "managed",
      "type": "azurerm_linux_virtual_machine",
      "name": "dev-linux-vm1",
      "provider": "provider[\"registry.terraform.io/hashicorp/azurerm\"]",
      "instances": [
        {
          "schema_version": 0,
          "attributes": {
            "additional_capabilities": [],
            "admin_password": null,
            "admin_ssh_key": [
              {
                "public_key": "ssh-rsa AAAAB3NzaC1yc2EAAAADAQABAAABgQDLCcPdv0lI+KBH9E1zTE/Ll8serc5+jRpM+TyjGX92YPUKwXqZlrWsUgy3qw5vPyrJZNcIisTPE6Inb0HnVcu8x3dlASUeLW9cD8cCK5ZdhTC2ZquO6WVgHza9yffYzKDYoGVQw80YLYXPiTd5ZnLB5eaTLsG1BqtGT/ZMIFt2yhYpXeBwInqE2IKmS5OR6MJrsHkFLnrVGdUl2OqIYkLPs53HPJ0Bo7n71oNpR1hPjQ1zaihBgDefcdk7qDUUGpqy8pMAXCNkiwPVcp7yBaJhFSVydagzlHTmaXnoCrr01R1Jr9MFm5+QdEewmH20cAY+EP/kzQBQNpzhTNFfVY18SVDVPHs9GvbdreWdwws7fonVfJYlMZSYX+wbXEqtmEcPRQbsGpnNH78H6ydQ9+d+ek9U+992voz8QTPvANxdVaqEiLrdEhG+XAPpDsLIiIp4CB8yPDUlyrkKx1INCuhwv8maOp5gKfC4rlg0Yi6G0UFi7bbdhME/jKJDMqI1t0k= ansys\\vshinde@AAPGPlvp2z2M05j\r\n",
                "username": "vshinde"
              }
            ],
            "admin_username": "vshinde",
            "allow_extension_operations": true,
            "availability_set_id": "",
            "boot_diagnostics": [],
            "bypass_platform_safety_checks_on_user_schedule_enabled": false,
            "capacity_reservation_group_id": "",
            "computer_name": "eastus2-dev-linux-vm1",
            "custom_data": "ZWNobyAiKiogVXBkYXRpbmcgcGFja2FnZSBsaXN0cy4uLiINCnN1ZG8gYXB0LWdldCB1cGRhdGUgLXkgJiYNCg0KZWNobyAiKiogSW5zdGFsbGluZyBkZXBlbmRlbmNpZXMuLi4iDQpzdWRvIGFwdCBpbnN0YWxsIC15IGFwdC10cmFuc3BvcnQtaHR0cHMgY2EtY2VydGlmaWNhdGVzIGN1cmwgZ251cGcyIHNvZnR3YXJlLXByb3BlcnRpZXMtY29tbW9uICYmDQoNCmVjaG8gIioqIEFkZGluZyBEb2NrZXIgR1BHIGtleS4uLiINCmN1cmwgLWZzU0wgaHR0cHM6Ly9kb3dubG9hZC5kb2NrZXIuY29tL2xpbnV4L2RlYmlhbi9ncGcgfCBzdWRvIGFwdC1rZXkgYWRkIC0gJiYNCg0KZWNobyAiKiogQWRkaW5nIERvY2tlciByZXBvc2l0b3J5Li4uIg0Kc3VkbyBhZGQtYXB0LXJlcG9zaXRvcnkgImRlYiBbYXJjaD1hbWQ2NF0gaHR0cHM6Ly9kb3dubG9hZC5kb2NrZXIuY29tL2xpbnV4L2RlYmlhbiBidWxsc2V5ZSBzdGFibGUiICYmDQoNCmVjaG8gIioqIFVwZGF0aW5nIHBhY2thZ2UgbGlzdHMgYWdhaW4uLi4iDQpzdWRvIGFwdC1nZXQgdXBkYXRlIC15ICYmDQoNCmVjaG8gIioqIEluc3RhbGxpbmcgRG9ja2VyLi4uIg0Kc3VkbyBhcHQtZ2V0IGluc3RhbGwgLXkgZG9ja2VyLWNlIGRvY2tlci1jZS1jbGkgY29udGFpbmVyZC5pbyAteSAmJg0KDQpzdWRvIHVzZXJtb2QgLWFHIGRvY2tlciB1YnVudHUNCmVjaG8gIioqIERvY2tlciBpbnN0YWxsYXRpb24gY29tcGxldGUhIg==",
            "dedicated_host_group_id": "",
            "dedicated_host_id": "",
            "disable_password_authentication": true,
            "disk_controller_type": "",
            "edge_zone": "",
            "encryption_at_host_enabled": false,
            "eviction_policy": "",
            "extensions_time_budget": "PT1H30M",
            "gallery_application": [],
            "id": "/subscriptions/30585f08-1dff-4cfe-8ecf-1182794c1044/resourceGroups/eastus2-dev-rg/providers/Microsoft.Compute/virtualMachines/eastus2-dev-linux-vm1",
            "identity": [],
            "license_type": "",
            "location": "eastus",
            "max_bid_price": -1,
            "name": "eastus2-dev-linux-vm1",
            "network_interface_ids": [
              "/subscriptions/30585f08-1dff-4cfe-8ecf-1182794c1044/resourceGroups/eastus2-dev-rg/providers/Microsoft.Network/networkInterfaces/eastus2-dev-nic1"
            ],
            "os_disk": [
              {
                "caching": "ReadWrite",
                "diff_disk_settings": [],
                "disk_encryption_set_id": "",
                "disk_size_gb": 30,
                "name": "eastus2-dev-linux-vm1_disk1_b63545c85aa24bac808f961873771bed",
                "secure_vm_disk_encryption_set_id": "",
                "security_encryption_type": "",
                "storage_account_type": "Standard_LRS",
                "write_accelerator_enabled": false
              }
            ],
            "os_image_notification": [],
            "patch_assessment_mode": "ImageDefault",
            "patch_mode": "ImageDefault",
            "plan": [],
            "platform_fault_domain": -1,
            "priority": "Regular",
            "private_ip_address": "10.123.0.4",
            "private_ip_addresses": [
              "10.123.0.4"
            ],
            "provision_vm_agent": true,
            "proximity_placement_group_id": "",
            "public_ip_address": "74.235.242.109",
            "public_ip_addresses": [
              "74.235.242.109"
            ],
            "reboot_setting": "",
            "resource_group_name": "eastus2-dev-rg",
            "secret": [],
            "secure_boot_enabled": false,
            "size": "Standard_F2",
            "source_image_id": "",
            "source_image_reference": [
              {
                "offer": "0001-com-ubuntu-server-jammy",
                "publisher": "Canonical",
                "sku": "22_04-lts",
                "version": "latest"
              }
            ],
            "tags": {
              "environment": "dev"
            },
            "termination_notification": null,
            "timeouts": null,
            "user_data": "",
            "virtual_machine_id": "f03653e0-4100-4b70-94b8-4edeeeb8bd94",
            "virtual_machine_scale_set_id": "",
            "vm_agent_platform_updates_enabled": false,
            "vtpm_enabled": false,
            "zone": ""
          },
          "sensitive_attributes": [
            [
              {
                "type": "get_attr",
                "value": "admin_password"
              }
            ],
            [
              {
                "type": "get_attr",
                "value": "custom_data"
              }
            ]
          ],
          "private": "eyJlMmJmYjczMC1lY2FhLTExZTYtOGY4OC0zNDM2M2JjN2M0YzAiOnsiY3JlYXRlIjoyNzAwMDAwMDAwMDAwLCJkZWxldGUiOjI3MDAwMDAwMDAwMDAsInJlYWQiOjMwMDAwMDAwMDAwMCwidXBkYXRlIjoyNzAwMDAwMDAwMDAwfX0=",
          "dependencies": [
            "azurerm_network_interface.dev-nic1",
            "azurerm_public_ip.dev-pip1",
            "azurerm_resource_group.dev-rg",
            "azurerm_subnet.dev-subnet1",
            "azurerm_virtual_network.dev-vnet"
          ]
        }
      ]
    },
    {
      "mode": "managed",
      "type": "azurerm_network_interface",
      "name": "dev-nic1",
      "provider": "provider[\"registry.terraform.io/hashicorp/azurerm\"]",
      "instances": [
        {
          "schema_version": 0,
          "attributes": {
            "accelerated_networking_enabled": false,
            "applied_dns_servers": [],
            "auxiliary_mode": "",
            "auxiliary_sku": "",
            "dns_servers": null,
            "edge_zone": "",
            "id": "/subscriptions/30585f08-1dff-4cfe-8ecf-1182794c1044/resourceGroups/eastus2-dev-rg/providers/Microsoft.Network/networkInterfaces/eastus2-dev-nic1",
            "internal_dns_name_label": "",
            "internal_domain_name_suffix": "5znh41dyiqfu3lwy2ggqyvukkh.bx.internal.cloudapp.net",
            "ip_configuration": [
              {
                "gateway_load_balancer_frontend_ip_configuration_id": "",
                "name": "internal",
                "primary": true,
                "private_ip_address": "10.123.0.4",
                "private_ip_address_allocation": "Dynamic",
                "private_ip_address_version": "IPv4",
                "public_ip_address_id": "/subscriptions/30585f08-1dff-4cfe-8ecf-1182794c1044/resourceGroups/eastus2-dev-rg/providers/Microsoft.Network/publicIPAddresses/eastus2-dev-pip1",
                "subnet_id": "/subscriptions/30585f08-1dff-4cfe-8ecf-1182794c1044/resourceGroups/eastus2-dev-rg/providers/Microsoft.Network/virtualNetworks/eastus2-dev-vnet/subnets/eastus2-dev-subnet1"
              }
            ],
            "ip_forwarding_enabled": false,
            "location": "eastus",
            "mac_address": "",
            "name": "eastus2-dev-nic1",
            "private_ip_address": "10.123.0.4",
            "private_ip_addresses": [
              "10.123.0.4"
            ],
            "resource_group_name": "eastus2-dev-rg",
            "tags": {
              "environment": "dev"
            },
            "timeouts": null,
            "virtual_machine_id": ""
          },
          "sensitive_attributes": [],
          "private": "eyJlMmJmYjczMC1lY2FhLTExZTYtOGY4OC0zNDM2M2JjN2M0YzAiOnsiY3JlYXRlIjoxODAwMDAwMDAwMDAwLCJkZWxldGUiOjE4MDAwMDAwMDAwMDAsInJlYWQiOjMwMDAwMDAwMDAwMCwidXBkYXRlIjoxODAwMDAwMDAwMDAwfX0=",
          "dependencies": [
            "azurerm_public_ip.dev-pip1",
            "azurerm_resource_group.dev-rg",
            "azurerm_subnet.dev-subnet1",
            "azurerm_virtual_network.dev-vnet"
          ]
        }
      ]
    },
    {
      "mode": "managed",
      "type": "azurerm_network_security_group",
      "name": "dev-subnet1-nsg",
      "provider": "provider[\"registry.terraform.io/hashicorp/azurerm\"]",
      "instances": [
        {
          "schema_version": 0,
          "attributes": {
            "id": "/subscriptions/30585f08-1dff-4cfe-8ecf-1182794c1044/resourceGroups/eastus2-dev-rg/providers/Microsoft.Network/networkSecurityGroups/eastus2-dev-subnet1-nsg1",
            "location": "eastus",
            "name": "eastus2-dev-subnet1-nsg1",
            "resource_group_name": "eastus2-dev-rg",
            "security_rule": [],
            "tags": {
              "environment": "dev"
            },
            "timeouts": null
          },
          "sensitive_attributes": [],
          "private": "eyJlMmJmYjczMC1lY2FhLTExZTYtOGY4OC0zNDM2M2JjN2M0YzAiOnsiY3JlYXRlIjoxODAwMDAwMDAwMDAwLCJkZWxldGUiOjE4MDAwMDAwMDAwMDAsInJlYWQiOjMwMDAwMDAwMDAwMCwidXBkYXRlIjoxODAwMDAwMDAwMDAwfX0=",
          "dependencies": [
            "azurerm_resource_group.dev-rg"
          ]
        }
      ]
    },
    {
      "mode": "managed",
      "type": "azurerm_public_ip",
      "name": "dev-pip1",
      "provider": "provider[\"registry.terraform.io/hashicorp/azurerm\"]",
      "instances": [
        {
          "schema_version": 0,
          "attributes": {
            "allocation_method": "Dynamic",
            "ddos_protection_mode": "VirtualNetworkInherited",
            "ddos_protection_plan_id": null,
            "domain_name_label": null,
            "domain_name_label_scope": null,
            "edge_zone": "",
            "fqdn": null,
            "id": "/subscriptions/30585f08-1dff-4cfe-8ecf-1182794c1044/resourceGroups/eastus2-dev-rg/providers/Microsoft.Network/publicIPAddresses/eastus2-dev-pip1",
            "idle_timeout_in_minutes": 4,
            "ip_address": "",
            "ip_tags": null,
            "ip_version": "IPv4",
            "location": "eastus",
            "name": "eastus2-dev-pip1",
            "public_ip_prefix_id": null,
            "resource_group_name": "eastus2-dev-rg",
            "reverse_fqdn": null,
            "sku": "Basic",
            "sku_tier": "Regional",
            "tags": {
              "environment": "dev"
            },
            "timeouts": null,
            "zones": null
          },
          "sensitive_attributes": [],
          "private": "eyJlMmJmYjczMC1lY2FhLTExZTYtOGY4OC0zNDM2M2JjN2M0YzAiOnsiY3JlYXRlIjoxODAwMDAwMDAwMDAwLCJkZWxldGUiOjE4MDAwMDAwMDAwMDAsInJlYWQiOjMwMDAwMDAwMDAwMCwidXBkYXRlIjoxODAwMDAwMDAwMDAwfX0=",
          "dependencies": [
            "azurerm_resource_group.dev-rg"
          ]
        }
      ]
    },
    {
      "mode": "managed",
      "type": "azurerm_resource_group",
      "name": "dev-rg",
      "provider": "provider[\"registry.terraform.io/hashicorp/azurerm\"]",
      "instances": [
        {
          "schema_version": 0,
          "attributes": {
            "id": "/subscriptions/30585f08-1dff-4cfe-8ecf-1182794c1044/resourceGroups/eastus2-dev-rg",
            "location": "eastus",
            "managed_by": "",
            "name": "eastus2-dev-rg",
            "tags": {
              "environment": "dev"
            },
            "timeouts": null
          },
          "sensitive_attributes": [],
          "private": "eyJlMmJmYjczMC1lY2FhLTExZTYtOGY4OC0zNDM2M2JjN2M0YzAiOnsiY3JlYXRlIjo1NDAwMDAwMDAwMDAwLCJkZWxldGUiOjU0MDAwMDAwMDAwMDAsInJlYWQiOjMwMDAwMDAwMDAwMCwidXBkYXRlIjo1NDAwMDAwMDAwMDAwfX0="
        }
      ]
    },
    {
      "mode": "managed",
      "type": "azurerm_subnet",
      "name": "dev-subnet1",
      "provider": "provider[\"registry.terraform.io/hashicorp/azurerm\"]",
      "instances": [
        {
          "schema_version": 0,
          "attributes": {
            "address_prefixes": [
              "10.123.0.0/24"
            ],
            "default_outbound_access_enabled": true,
            "delegation": [],
            "id": "/subscriptions/30585f08-1dff-4cfe-8ecf-1182794c1044/resourceGroups/eastus2-dev-rg/providers/Microsoft.Network/virtualNetworks/eastus2-dev-vnet/subnets/eastus2-dev-subnet1",
            "name": "eastus2-dev-subnet1",
            "private_endpoint_network_policies": "Disabled",
            "private_link_service_network_policies_enabled": true,
            "resource_group_name": "eastus2-dev-rg",
            "service_endpoint_policy_ids": null,
            "service_endpoints": null,
            "timeouts": null,
            "virtual_network_name": "eastus2-dev-vnet"
          },
          "sensitive_attributes": [],
          "private": "eyJlMmJmYjczMC1lY2FhLTExZTYtOGY4OC0zNDM2M2JjN2M0YzAiOnsiY3JlYXRlIjoxODAwMDAwMDAwMDAwLCJkZWxldGUiOjE4MDAwMDAwMDAwMDAsInJlYWQiOjMwMDAwMDAwMDAwMCwidXBkYXRlIjoxODAwMDAwMDAwMDAwfX0=",
          "dependencies": [
            "azurerm_resource_group.dev-rg",
            "azurerm_virtual_network.dev-vnet"
          ]
        }
      ]
    },
    {
      "mode": "managed",
      "type": "azurerm_subnet_network_security_group_association",
      "name": "dev-subnet1-nsg-association",
      "provider": "provider[\"registry.terraform.io/hashicorp/azurerm\"]",
      "instances": [
        {
          "schema_version": 0,
          "attributes": {
            "id": "/subscriptions/30585f08-1dff-4cfe-8ecf-1182794c1044/resourceGroups/eastus2-dev-rg/providers/Microsoft.Network/virtualNetworks/eastus2-dev-vnet/subnets/eastus2-dev-subnet1",
            "network_security_group_id": "/subscriptions/30585f08-1dff-4cfe-8ecf-1182794c1044/resourceGroups/eastus2-dev-rg/providers/Microsoft.Network/networkSecurityGroups/eastus2-dev-subnet1-nsg1",
            "subnet_id": "/subscriptions/30585f08-1dff-4cfe-8ecf-1182794c1044/resourceGroups/eastus2-dev-rg/providers/Microsoft.Network/virtualNetworks/eastus2-dev-vnet/subnets/eastus2-dev-subnet1",
            "timeouts": null
          },
          "sensitive_attributes": [],
          "private": "eyJlMmJmYjczMC1lY2FhLTExZTYtOGY4OC0zNDM2M2JjN2M0YzAiOnsiY3JlYXRlIjoxODAwMDAwMDAwMDAwLCJkZWxldGUiOjE4MDAwMDAwMDAwMDAsInJlYWQiOjMwMDAwMDAwMDAwMH19",
          "dependencies": [
            "azurerm_network_security_group.dev-subnet1-nsg",
            "azurerm_resource_group.dev-rg",
            "azurerm_subnet.dev-subnet1",
            "azurerm_virtual_network.dev-vnet"
          ]
        }
      ]
    },
    {
      "mode": "managed",
      "type": "azurerm_virtual_network",
      "name": "dev-vnet",
      "provider": "provider[\"registry.terraform.io/hashicorp/azurerm\"]",
      "instances": [
        {
          "schema_version": 0,
          "attributes": {
            "address_space": [
              "10.123.0.0/16"
            ],
            "bgp_community": "",
            "ddos_protection_plan": [],
            "dns_servers": [],
            "edge_zone": "",
            "encryption": [],
            "flow_timeout_in_minutes": 0,
            "guid": "6c7f5afe-4478-4e0b-aed8-e18d0c568a57",
            "id": "/subscriptions/30585f08-1dff-4cfe-8ecf-1182794c1044/resourceGroups/eastus2-dev-rg/providers/Microsoft.Network/virtualNetworks/eastus2-dev-vnet",
            "location": "eastus",
            "name": "eastus2-dev-vnet",
            "resource_group_name": "eastus2-dev-rg",
            "subnet": [],
            "tags": {
              "environment": "dev"
            },
            "timeouts": null
          },
          "sensitive_attributes": [],
          "private": "eyJlMmJmYjczMC1lY2FhLTExZTYtOGY4OC0zNDM2M2JjN2M0YzAiOnsiY3JlYXRlIjoxODAwMDAwMDAwMDAwLCJkZWxldGUiOjE4MDAwMDAwMDAwMDAsInJlYWQiOjMwMDAwMDAwMDAwMCwidXBkYXRlIjoxODAwMDAwMDAwMDAwfX0=",
          "dependencies": [
            "azurerm_resource_group.dev-rg"
          ]
        }
      ]
    }
  ],
  "check_results": null
}
